// !$*UTF8*$!
{
	archiveVersion = 1;
	classes = {
	};
	objectVersion = 55;
	objects = {

/* Begin PBXBuildFile section */
		3789BB86274D755700E61733 /* SwipeCellKit in Frameworks */ = {isa = PBXBuildFile; productRef = 3789BB85274D755700E61733 /* SwipeCellKit */; };
		3789BB88274D80DA00E61733 /* CategoryViewController.swift in Sources */ = {isa = PBXBuildFile; fileRef = 3789BB87274D80DA00E61733 /* CategoryViewController.swift */; };
		378A3F93274D68F100AB40C2 /* AppDelegate.swift in Sources */ = {isa = PBXBuildFile; fileRef = 378A3F92274D68F100AB40C2 /* AppDelegate.swift */; };
		378A3F95274D68F100AB40C2 /* SceneDelegate.swift in Sources */ = {isa = PBXBuildFile; fileRef = 378A3F94274D68F100AB40C2 /* SceneDelegate.swift */; };
		378A3F9A274D68F100AB40C2 /* Main.storyboard in Resources */ = {isa = PBXBuildFile; fileRef = 378A3F98274D68F100AB40C2 /* Main.storyboard */; };
		378A3F9D274D68F100AB40C2 /* ToDude.xcdatamodeld in Sources */ = {isa = PBXBuildFile; fileRef = 378A3F9B274D68F100AB40C2 /* ToDude.xcdatamodeld */; };
		378A3F9F274D68F200AB40C2 /* Assets.xcassets in Resources */ = {isa = PBXBuildFile; fileRef = 378A3F9E274D68F200AB40C2 /* Assets.xcassets */; };
		378A3FA2274D68F200AB40C2 /* LaunchScreen.storyboard in Resources */ = {isa = PBXBuildFile; fileRef = 378A3FA0274D68F200AB40C2 /* LaunchScreen.storyboard */; };
		378A3FAA274D699100AB40C2 /* itemListTableViewController.swift in Sources */ = {isa = PBXBuildFile; fileRef = 378A3FA9274D699100AB40C2 /* itemListTableViewController.swift */; };
/* End PBXBuildFile section */

/* Begin PBXFileReference section */
		3789BB87274D80DA00E61733 /* CategoryViewController.swift */ = {isa = PBXFileReference; lastKnownFileType = sourcecode.swift; path = CategoryViewController.swift; sourceTree = "<group>"; };
		378A3F8F274D68F100AB40C2 /* ToDude.app */ = {isa = PBXFileReference; explicitFileType = wrapper.application; includeInIndex = 0; path = ToDude.app; sourceTree = BUILT_PRODUCTS_DIR; };
		378A3F92274D68F100AB40C2 /* AppDelegate.swift */ = {isa = PBXFileReference; lastKnownFileType = sourcecode.swift; path = AppDelegate.swift; sourceTree = "<group>"; };
		378A3F94274D68F100AB40C2 /* SceneDelegate.swift */ = {isa = PBXFileReference; lastKnownFileType = sourcecode.swift; path = SceneDelegate.swift; sourceTree = "<group>"; };
		378A3F99274D68F100AB40C2 /* Base */ = {isa = PBXFileReference; lastKnownFileType = file.storyboard; name = Base; path = Base.lproj/Main.storyboard; sourceTree = "<group>"; };
		378A3F9C274D68F100AB40C2 /* ToDude.xcdatamodel */ = {isa = PBXFileReference; lastKnownFileType = wrapper.xcdatamodel; path = ToDude.xcdatamodel; sourceTree = "<group>"; };
		378A3F9E274D68F200AB40C2 /* Assets.xcassets */ = {isa = PBXFileReference; lastKnownFileType = folder.assetcatalog; path = Assets.xcassets; sourceTree = "<group>"; };
		378A3FA1274D68F200AB40C2 /* Base */ = {isa = PBXFileReference; lastKnownFileType = file.storyboard; name = Base; path = Base.lproj/LaunchScreen.storyboard; sourceTree = "<group>"; };
		378A3FA3274D68F200AB40C2 /* Info.plist */ = {isa = PBXFileReference; lastKnownFileType = text.plist.xml; path = Info.plist; sourceTree = "<group>"; };
		378A3FA9274D699100AB40C2 /* itemListTableViewController.swift */ = {isa = PBXFileReference; lastKnownFileType = sourcecode.swift; path = itemListTableViewController.swift; sourceTree = "<group>"; };
/* End PBXFileReference section */

/* Begin PBXFrameworksBuildPhase section */
		378A3F8C274D68F100AB40C2 /* Frameworks */ = {
			isa = PBXFrameworksBuildPhase;
			buildActionMask = 2147483647;
			files = (
				3789BB86274D755700E61733 /* SwipeCellKit in Frameworks */,
			);
			runOnlyForDeploymentPostprocessing = 0;
		};
/* End PBXFrameworksBuildPhase section */

/* Begin PBXGroup section */
		378A3F86274D68F100AB40C2 = {
			isa = PBXGroup;
			children = (
				378A3F91274D68F100AB40C2 /* ToDude */,
				378A3F90274D68F100AB40C2 /* Products */,
			);
			sourceTree = "<group>";
		};
		378A3F90274D68F100AB40C2 /* Products */ = {
			isa = PBXGroup;
			children = (
				378A3F8F274D68F100AB40C2 /* ToDude.app */,
			);
			name = Products;
			sourceTree = "<group>";
		};
		378A3F91274D68F100AB40C2 /* ToDude */ = {
			isa = PBXGroup;
			children = (
				378A3F92274D68F100AB40C2 /* AppDelegate.swift */,
				378A3F94274D68F100AB40C2 /* SceneDelegate.swift */,
				378A3F98274D68F100AB40C2 /* Main.storyboard */,
				378A3F9E274D68F200AB40C2 /* Assets.xcassets */,
				378A3FA0274D68F200AB40C2 /* LaunchScreen.storyboard */,
				378A3FA3274D68F200AB40C2 /* Info.plist */,
				378A3F9B274D68F100AB40C2 /* ToDude.xcdatamodeld */,
				378A3FA9274D699100AB40C2 /* itemListTableViewController.swift */,
				3789BB87274D80DA00E61733 /* CategoryViewController.swift */,
			);
			path = ToDude;
			sourceTree = "<group>";
		};
/* End PBXGroup section */

/* Begin PBXNativeTarget section */
		378A3F8E274D68F100AB40C2 /* ToDude */ = {
			isa = PBXNativeTarget;
			buildConfigurationList = 378A3FA6274D68F200AB40C2 /* Build configuration list for PBXNativeTarget "ToDude" */;
			buildPhases = (
				378A3F8B274D68F100AB40C2 /* Sources */,
				378A3F8C274D68F100AB40C2 /* Frameworks */,
				378A3F8D274D68F100AB40C2 /* Resources */,
			);
			buildRules = (
			);
			dependencies = (
			);
			name = ToDude;
			packageProductDependencies = (
				3789BB85274D755700E61733 /* SwipeCellKit */,
			);
			productName = ToDude;
			productReference = 378A3F8F274D68F100AB40C2 /* ToDude.app */;
			productType = "com.apple.product-type.application";
		};
/* End PBXNativeTarget section */

/* Begin PBXProject section */
		378A3F87274D68F100AB40C2 /* Project object */ = {
			isa = PBXProject;
			attributes = {
				BuildIndependentTargetsInParallel = 1;
				LastSwiftUpdateCheck = 1310;
				LastUpgradeCheck = 1310;
				TargetAttributes = {
					378A3F8E274D68F100AB40C2 = {
						CreatedOnToolsVersion = 13.1;
					};
				};
			};
			buildConfigurationList = 378A3F8A274D68F100AB40C2 /* Build configuration list for PBXProject "ToDude" */;
			compatibilityVersion = "Xcode 13.0";
			developmentRegion = en;
			hasScannedForEncodings = 0;
			knownRegions = (
				en,
				Base,
			);
			mainGroup = 378A3F86274D68F100AB40C2;
			packageReferences = (
				3789BB84274D755700E61733 /* XCRemoteSwiftPackageReference "SwipeCellKit" */,
			);
			productRefGroup = 378A3F90274D68F100AB40C2 /* Products */;
			projectDirPath = "";
			projectRoot = "";
			targets = (
				378A3F8E274D68F100AB40C2 /* ToDude */,
			);
		};
/* End PBXProject section */

/* Begin PBXResourcesBuildPhase section */
		378A3F8D274D68F100AB40C2 /* Resources */ = {
			isa = PBXResourcesBuildPhase;
			buildActionMask = 2147483647;
			files = (
				378A3FA2274D68F200AB40C2 /* LaunchScreen.storyboard in Resources */,
				378A3F9F274D68F200AB40C2 /* Assets.xcassets in Resources */,
				378A3F9A274D68F100AB40C2 /* Main.storyboard in Resources */,
			);
			runOnlyForDeploymentPostprocessing = 0;
		};
/* End PBXResourcesBuildPhase section */

/* Begin PBXSourcesBuildPhase section */
		378A3F8B274D68F100AB40C2 /* Sources */ = {
			isa = PBXSourcesBuildPhase;
			buildActionMask = 2147483647;
			files = (
				378A3F9D274D68F100AB40C2 /* ToDude.xcdatamodeld in Sources */,
				378A3FAA274D699100AB40C2 /* itemListTableViewController.swift in Sources */,
				378A3F93274D68F100AB40C2 /* AppDelegate.swift in Sources */,
				3789BB88274D80DA00E61733 /* CategoryViewController.swift in Sources */,
				378A3F95274D68F100AB40C2 /* SceneDelegate.swift in Sources */,
			);
			runOnlyForDeploymentPostprocessing = 0;
		};
/* End PBXSourcesBuildPhase section */

/* Begin PBXVariantGroup section */
		378A3F98274D68F100AB40C2 /* Main.storyboard */ = {
			isa = PBXVariantGroup;
			children = (
				378A3F99274D68F100AB40C2 /* Base */,
			);
			name = Main.storyboard;
			sourceTree = "<group>";
		};
		378A3FA0274D68F200AB40C2 /* LaunchScreen.storyboard */ = {
			isa = PBXVariantGroup;
			children = (
				378A3FA1274D68F200AB40C2 /* Base */,
			);
			name = LaunchScreen.storyboard;
			sourceTree = "<group>";
		};
/* End PBXVariantGroup section */

/* Begin XCBuildConfiguration section */
		378A3FA4274D68F200AB40C2 /* Debug */ = {
			isa = XCBuildConfiguration;
			buildSettings = {
				ALWAYS_SEARCH_USER_PATHS = NO;
				CLANG_ANALYZER_NONNULL = YES;
				CLANG_ANALYZER_NUMBER_OBJECT_CONVERSION = YES_AGGRESSIVE;
				CLANG_CXX_LANGUAGE_STANDARD = "gnu++17";
				CLANG_CXX_LIBRARY = "libc++";
				CLANG_ENABLE_MODULES = YES;
				CLANG_ENABLE_OBJC_ARC = YES;
				CLANG_ENABLE_OBJC_WEAK = YES;
				CLANG_WARN_BLOCK_CAPTURE_AUTORELEASING = YES;
				CLANG_WARN_BOOL_CONVERSION = YES;
				CLANG_WARN_COMMA = YES;
				CLANG_WARN_CONSTANT_CONVERSION = YES;
				CLANG_WARN_DEPRECATED_OBJC_IMPLEMENTATIONS = YES;
				CLANG_WARN_DIRECT_OBJC_ISA_USAGE = YES_ERROR;
				CLANG_WARN_DOCUMENTATION_COMMENTS = YES;
				CLANG_WARN_EMPTY_BODY = YES;
				CLANG_WARN_ENUM_CONVERSION = YES;
				CLANG_WARN_INFINITE_RECURSION = YES;
				CLANG_WARN_INT_CONVERSION = YES;
				CLANG_WARN_NON_LITERAL_NULL_CONVERSION = YES;
				CLANG_WARN_OBJC_IMPLICIT_RETAIN_SELF = YES;
				CLANG_WARN_OBJC_LITERAL_CONVERSION = YES;
				CLANG_WARN_OBJC_ROOT_CLASS = YES_ERROR;
				CLANG_WARN_QUOTED_INCLUDE_IN_FRAMEWORK_HEADER = YES;
				CLANG_WARN_RANGE_LOOP_ANALYSIS = YES;
				CLANG_WARN_STRICT_PROTOTYPES = YES;
				CLANG_WARN_SUSPICIOUS_MOVE = YES;
				CLANG_WARN_UNGUARDED_AVAILABILITY = YES_AGGRESSIVE;
				CLANG_WARN_UNREACHABLE_CODE = YES;
				CLANG_WARN__DUPLICATE_METHOD_MATCH = YES;
				COPY_PHASE_STRIP = NO;
				DEBUG_INFORMATION_FORMAT = dwarf;
				ENABLE_STRICT_OBJC_MSGSEND = YES;
				ENABLE_TESTABILITY = YES;
				GCC_C_LANGUAGE_STANDARD = gnu11;
				GCC_DYNAMIC_NO_PIC = NO;
				GCC_NO_COMMON_BLOCKS = YES;
				GCC_OPTIMIZATION_LEVEL = 0;
				GCC_PREPROCESSOR_DEFINITIONS = (
					"DEBUG=1",
					"$(inherited)",
				);
				GCC_WARN_64_TO_32_BIT_CONVERSION = YES;
				GCC_WARN_ABOUT_RETURN_TYPE = YES_ERROR;
				GCC_WARN_UNDECLARED_SELECTOR = YES;
				GCC_WARN_UNINITIALIZED_AUTOS = YES_AGGRESSIVE;
				GCC_WARN_UNUSED_FUNCTION = YES;
				GCC_WARN_UNUSED_VARIABLE = YES;
				IPHONEOS_DEPLOYMENT_TARGET = 15.0;
				MTL_ENABLE_DEBUG_INFO = INCLUDE_SOURCE;
				MTL_FAST_MATH = YES;
				ONLY_ACTIVE_ARCH = YES;
				SDKROOT = iphoneos;
				SWIFT_ACTIVE_COMPILATION_CONDITIONS = DEBUG;
				SWIFT_OPTIMIZATION_LEVEL = "-Onone";
			};
			name = Debug;
		};
		378A3FA5274D68F200AB40C2 /* Release */ = {
			isa = XCBuildConfiguration;
			buildSettings = {
				ALWAYS_SEARCH_USER_PATHS = NO;
				CLANG_ANALYZER_NONNULL = YES;
				CLANG_ANALYZER_NUMBER_OBJECT_CONVERSION = YES_AGGRESSIVE;
				CLANG_CXX_LANGUAGE_STANDARD = "gnu++17";
				CLANG_CXX_LIBRARY = "libc++";
				CLANG_ENABLE_MODULES = YES;
				CLANG_ENABLE_OBJC_ARC = YES;
				CLANG_ENABLE_OBJC_WEAK = YES;
				CLANG_WARN_BLOCK_CAPTURE_AUTORELEASING = YES;
				CLANG_WARN_BOOL_CONVERSION = YES;
				CLANG_WARN_COMMA = YES;
				CLANG_WARN_CONSTANT_CONVERSION = YES;
				CLANG_WARN_DEPRECATED_OBJC_IMPLEMENTATIONS = YES;
				CLANG_WARN_DIRECT_OBJC_ISA_USAGE = YES_ERROR;
				CLANG_WARN_DOCUMENTATION_COMMENTS = YES;
				CLANG_WARN_EMPTY_BODY = YES;
				CLANG_WARN_ENUM_CONVERSION = YES;
				CLANG_WARN_INFINITE_RECURSION = YES;
				CLANG_WARN_INT_CONVERSION = YES;
				CLANG_WARN_NON_LITERAL_NULL_CONVERSION = YES;
				CLANG_WARN_OBJC_IMPLICIT_RETAIN_SELF = YES;
				CLANG_WARN_OBJC_LITERAL_CONVERSION = YES;
				CLANG_WARN_OBJC_ROOT_CLASS = YES_ERROR;
				CLANG_WARN_QUOTED_INCLUDE_IN_FRAMEWORK_HEADER = YES;
				CLANG_WARN_RANGE_LOOP_ANALYSIS = YES;
				CLANG_WARN_STRICT_PROTOTYPES = YES;
				CLANG_WARN_SUSPICIOUS_MOVE = YES;
				CLANG_WARN_UNGUARDED_AVAILABILITY = YES_AGGRESSIVE;
				CLANG_WARN_UNREACHABLE_CODE = YES;
				CLANG_WARN__DUPLICATE_METHOD_MATCH = YES;
				COPY_PHASE_STRIP = NO;
				DEBUG_INFORMATION_FORMAT = "dwarf-with-dsym";
				ENABLE_NS_ASSERTIONS = NO;
				ENABLE_STRICT_OBJC_MSGSEND = YES;
				GCC_C_LANGUAGE_STANDARD = gnu11;
				GCC_NO_COMMON_BLOCKS = YES;
				GCC_WARN_64_TO_32_BIT_CONVERSION = YES;
				GCC_WARN_ABOUT_RETURN_TYPE = YES_ERROR;
				GCC_WARN_UNDECLARED_SELECTOR = YES;
				GCC_WARN_UNINITIALIZED_AUTOS = YES_AGGRESSIVE;
				GCC_WARN_UNUSED_FUNCTION = YES;
				GCC_WARN_UNUSED_VARIABLE = YES;
				IPHONEOS_DEPLOYMENT_TARGET = 15.0;
				MTL_ENABLE_DEBUG_INFO = NO;
				MTL_FAST_MATH = YES;
				SDKROOT = iphoneos;
				SWIFT_COMPILATION_MODE = wholemodule;
				SWIFT_OPTIMIZATION_LEVEL = "-O";
				VALIDATE_PRODUCT = YES;
			};
			name = Release;
		};
		378A3FA7274D68F200AB40C2 /* Debug */ = {
			isa = XCBuildConfiguration;
			buildSettings = {
				ASSETCATALOG_COMPILER_APPICON_NAME = AppIcon;
				ASSETCATALOG_COMPILER_GLOBAL_ACCENT_COLOR_NAME = AccentColor;
				CODE_SIGN_STYLE = Automatic;
				CURRENT_PROJECT_VERSION = 1;
				DEVELOPMENT_TEAM = LS9QB37QXK;
				GENERATE_INFOPLIST_FILE = YES;
				INFOPLIST_FILE = ToDude/Info.plist;
				INFOPLIST_KEY_UIApplicationSupportsIndirectInputEvents = YES;
				INFOPLIST_KEY_UILaunchStoryboardName = LaunchScreen;
				INFOPLIST_KEY_UIMainStoryboardFile = Main;
				INFOPLIST_KEY_UISupportedInterfaceOrientations_iPad = "UIInterfaceOrientationPortrait UIInterfaceOrientationPortraitUpsideDown UIInterfaceOrientationLandscapeLeft UIInterfaceOrientationLandscapeRight";
				INFOPLIST_KEY_UISupportedInterfaceOrientations_iPhone = "UIInterfaceOrientationPortrait UIInterfaceOrientationLandscapeLeft UIInterfaceOrientationLandscapeRight";
				LD_RUNPATH_SEARCH_PATHS = (
					"$(inherited)",
					"@executable_path/Frameworks",
				);
				MARKETING_VERSION = 1.0;
				PRODUCT_BUNDLE_IDENTIFIER = com.ryanlim.ToDude;
				PRODUCT_NAME = "$(TARGET_NAME)";
				SWIFT_EMIT_LOC_STRINGS = YES;
				SWIFT_VERSION = 5.0;
				TARGETED_DEVICE_FAMILY = "1,2";
			};
			name = Debug;
		};
		378A3FA8274D68F200AB40C2 /* Release */ = {
			isa = XCBuildConfiguration;
			buildSettings = {
				ASSETCATALOG_COMPILER_APPICON_NAME = AppIcon;
				ASSETCATALOG_COMPILER_GLOBAL_ACCENT_COLOR_NAME = AccentColor;
				CODE_SIGN_STYLE = Automatic;
				CURRENT_PROJECT_VERSION = 1;
				DEVELOPMENT_TEAM = LS9QB37QXK;
				GENERATE_INFOPLIST_FILE = YES;
				INFOPLIST_FILE = ToDude/Info.plist;
				INFOPLIST_KEY_UIApplicationSupportsIndirectInputEvents = YES;
				INFOPLIST_KEY_UILaunchStoryboardName = LaunchScreen;
				INFOPLIST_KEY_UIMainStoryboardFile = Main;
				INFOPLIST_KEY_UISupportedInterfaceOrientations_iPad = "UIInterfaceOrientationPortrait UIInterfaceOrientationPortraitUpsideDown UIInterfaceOrientationLandscapeLeft UIInterfaceOrientationLandscapeRight";
				INFOPLIST_KEY_UISupportedInterfaceOrientations_iPhone = "UIInterfaceOrientationPortrait UIInterfaceOrientationLandscapeLeft UIInterfaceOrientationLandscapeRight";
				LD_RUNPATH_SEARCH_PATHS = (
					"$(inherited)",
					"@executable_path/Frameworks",
				);
				MARKETING_VERSION = 1.0;
				PRODUCT_BUNDLE_IDENTIFIER = com.ryanlim.ToDude;
				PRODUCT_NAME = "$(TARGET_NAME)";
				SWIFT_EMIT_LOC_STRINGS = YES;
				SWIFT_VERSION = 5.0;
				TARGETED_DEVICE_FAMILY = "1,2";
			};
			name = Release;
		};
/* End XCBuildConfiguration section */

/* Begin XCConfigurationList section */
		378A3F8A274D68F100AB40C2 /* Build configuration list for PBXProject "ToDude" */ = {
			isa = XCConfigurationList;
			buildConfigurations = (
				378A3FA4274D68F200AB40C2 /* Debug */,
				378A3FA5274D68F200AB40C2 /* Release */,
			);
			defaultConfigurationIsVisible = 0;
			defaultConfigurationName = Release;
		};
		378A3FA6274D68F200AB40C2 /* Build configuration list for PBXNativeTarget "ToDude" */ = {
			isa = XCConfigurationList;
			buildConfigurations = (
				378A3FA7274D68F200AB40C2 /* Debug */,
				378A3FA8274D68F200AB40C2 /* Release */,
			);
			defaultConfigurationIsVisible = 0;
			defaultConfigurationName = Release;
		};
/* End XCConfigurationList section */

/* Begin XCRemoteSwiftPackageReference section */
		3789BB84274D755700E61733 /* XCRemoteSwiftPackageReference "SwipeCellKit" */ = {
			isa = XCRemoteSwiftPackageReference;
			repositoryURL = "https://github.com/SwipeCellKit/SwipeCellKit";
			requirement = {
				kind = upToNextMajorVersion;
				minimumVersion = 2.0.0;
			};
		};
/* End XCRemoteSwiftPackageReference section */

/* Begin XCSwiftPackageProductDependency section */
		3789BB85274D755700E61733 /* SwipeCellKit */ = {
			isa = XCSwiftPackageProductDependency;
			package = 3789BB84274D755700E61733 /* XCRemoteSwiftPackageReference "SwipeCellKit" */;
			productName = SwipeCellKit;
		};
/* End XCSwiftPackageProductDependency section */

/* Begin XCVersionGroup section */
		378A3F9B274D68F100AB40C2 /* ToDude.xcdatamodeld */ = {
			isa = XCVersionGroup;
			children = (
				378A3F9C274D68F100AB40C2 /* ToDude.xcdatamodel */,
			);
			currentVersion = 378A3F9C274D68F100AB40C2 /* ToDude.xcdatamodel */;
			path = ToDude.xcdatamodeld;
			sourceTree = "<group>";
			versionGroupType = wrapper.xcdatamodel;
		};
/* End XCVersionGroup section */
	};
	rootObject = 378A3F87274D68F100AB40C2 /* Project object */;
}
